
Microsoft Visual Studio Solution File, Format Version 12.00
# Visual Studio Version 16
VisualStudioVersion = 16.0.28729.10
MinimumVisualStudioVersion = 10.0.40219.1
Project("{FAE04EC0-301F-11D3-BF4B-00C04F79EFBC}") = "WebApplication2", "WebApplication2\WebApplication2.csproj", "{7498303E-BAB4-4E5F-81CE-B557474D4F70}"
EndProject
Global
	GlobalSection(SolutionConfigurationPlatforms) = preSolution
		Debug|Any CPU = Debug|Any CPU
		Release|Any CPU = Release|Any CPU
	EndGlobalSection
	GlobalSection(ProjectConfigurationPlatforms) = postSolution
		{7498303E-BAB4-4E5F-81CE-B557474D4F70}.Debug|Any CPU.ActiveCfg = Debug|Any CPU
		{7498303E-BAB4-4E5F-81CE-B557474D4F70}.Debug|Any CPU.Build.0 = Debug|Any CPU
		{7498303E-BAB4-4E5F-81CE-B557474D4F70}.Release|Any CPU.ActiveCfg = Release|Any CPU
		{7498303E-BAB4-4E5F-81CE-B557474D4F70}.Release|Any CPU.Build.0 = Release|Any CPU
	EndGlobalSection
	GlobalSection(SolutionProperties) = preSolution
		HideSolutionNode = FALSE
	EndGlobalSection
	GlobalSection(ExtensibilityGlobals) = postSolution
		SolutionGuid = {02382014-46A5-420E-83F7-2270CB01D08E}
	EndGlobalSection
EndGlobal
